
Microsoft Visual Studio Solution File, Format Version 11.00
# Visual Studio 2010
Project("{FAE04EC0-301F-11D3-BF4B-00C04F79EFBC}") = "WebApplicationLogic", "WebApplicationLogic\WebApplicationLogic.csproj", "{4E3462C3-F3B9-4B15-8F36-99BCB54F06E4}"
EndProject
Project("{FAE04EC0-301F-11D3-BF4B-00C04F79EFBC}") = "Entities", "Entities\Entities.csproj", "{E2A366CA-178E-49F6-B84F-62E3237699B6}"
EndProject
Project("{FAE04EC0-301F-11D3-BF4B-00C04F79EFBC}") = "Services", "Services\Services.csproj", "{4F4B510A-7792-4FD8-9D4E-AF42A876C694}"
EndProject
Project("{FAE04EC0-301F-11D3-BF4B-00C04F79EFBC}") = "WebApplication", "WebApplication\WebApplication.csproj", "{2D701F00-35DD-48E9-93F4-563F3BA45B26}"
EndProject
Project("{2150E333-8FDC-42A3-9474-1A3956D46DE8}") = "Domain", "Domain", "{FDD20763-07E0-4769-9886-67929C271086}"
EndProject
Project("{2150E333-8FDC-42A3-9474-1A3956D46DE8}") = "Application", "Application", "{23273EAB-30C6-48F2-919C-57835F3159B0}"
EndProject
Project("{2150E333-8FDC-42A3-9474-1A3956D46DE8}") = "Tests", "Tests", "{D233B8F6-C650-4B6C-B2DD-4BC9F64DFB56}"
EndProject
Project("{FAE04EC0-301F-11D3-BF4B-00C04F79EFBC}") = "UnitTests", "UnitTests\UnitTests.csproj", "{47923437-112A-4CC9-BAB1-77269721FA95}"
EndProject
Project("{FAE04EC0-301F-11D3-BF4B-00C04F79EFBC}") = "IntegrationTests", "IntegrationTests\IntegrationTests.csproj", "{FD83DCB2-F6B0-4333-BE22-6ED8F05C9D6C}"
EndProject
Project("{FAE04EC0-301F-11D3-BF4B-00C04F79EFBC}") = "AcceptanceTests", "AcceptanceTests\AcceptanceTests.csproj", "{B0C5DDDB-C2C6-410C-B07E-4C02F590A560}"
EndProject
Project("{FAE04EC0-301F-11D3-BF4B-00C04F79EFBC}") = "UserInterfaceTests", "UserInterfaceTests\UserInterfaceTests.csproj", "{9801993A-4FAC-42B8-8437-BAD775E76CC4}"
EndProject
Project("{FAE04EC0-301F-11D3-BF4B-00C04F79EFBC}") = "TestHelpers", "TestHelpers\TestHelpers.csproj", "{86C7E011-739E-4F96-B1F8-F5A317080CA3}"
EndProject
Global
	GlobalSection(SolutionConfigurationPlatforms) = preSolution
		Debug|Any CPU = Debug|Any CPU
		Release|Any CPU = Release|Any CPU
	EndGlobalSection
	GlobalSection(ProjectConfigurationPlatforms) = postSolution
		{4E3462C3-F3B9-4B15-8F36-99BCB54F06E4}.Debug|Any CPU.ActiveCfg = Debug|Any CPU
		{4E3462C3-F3B9-4B15-8F36-99BCB54F06E4}.Debug|Any CPU.Build.0 = Debug|Any CPU
		{4E3462C3-F3B9-4B15-8F36-99BCB54F06E4}.Release|Any CPU.ActiveCfg = Release|Any CPU
		{4E3462C3-F3B9-4B15-8F36-99BCB54F06E4}.Release|Any CPU.Build.0 = Release|Any CPU
		{E2A366CA-178E-49F6-B84F-62E3237699B6}.Debug|Any CPU.ActiveCfg = Debug|Any CPU
		{E2A366CA-178E-49F6-B84F-62E3237699B6}.Debug|Any CPU.Build.0 = Debug|Any CPU
		{E2A366CA-178E-49F6-B84F-62E3237699B6}.Release|Any CPU.ActiveCfg = Release|Any CPU
		{E2A366CA-178E-49F6-B84F-62E3237699B6}.Release|Any CPU.Build.0 = Release|Any CPU
		{4F4B510A-7792-4FD8-9D4E-AF42A876C694}.Debug|Any CPU.ActiveCfg = Debug|Any CPU
		{4F4B510A-7792-4FD8-9D4E-AF42A876C694}.Debug|Any CPU.Build.0 = Debug|Any CPU
		{4F4B510A-7792-4FD8-9D4E-AF42A876C694}.Release|Any CPU.ActiveCfg = Release|Any CPU
		{4F4B510A-7792-4FD8-9D4E-AF42A876C694}.Release|Any CPU.Build.0 = Release|Any CPU
		{2D701F00-35DD-48E9-93F4-563F3BA45B26}.Debug|Any CPU.ActiveCfg = Debug|Any CPU
		{2D701F00-35DD-48E9-93F4-563F3BA45B26}.Debug|Any CPU.Build.0 = Debug|Any CPU
		{2D701F00-35DD-48E9-93F4-563F3BA45B26}.Release|Any CPU.ActiveCfg = Release|Any CPU
		{2D701F00-35DD-48E9-93F4-563F3BA45B26}.Release|Any CPU.Build.0 = Release|Any CPU
		{47923437-112A-4CC9-BAB1-77269721FA95}.Debug|Any CPU.ActiveCfg = Debug|Any CPU
		{47923437-112A-4CC9-BAB1-77269721FA95}.Debug|Any CPU.Build.0 = Debug|Any CPU
		{47923437-112A-4CC9-BAB1-77269721FA95}.Release|Any CPU.ActiveCfg = Release|Any CPU
		{47923437-112A-4CC9-BAB1-77269721FA95}.Release|Any CPU.Build.0 = Release|Any CPU
		{FD83DCB2-F6B0-4333-BE22-6ED8F05C9D6C}.Debug|Any CPU.ActiveCfg = Debug|Any CPU
		{FD83DCB2-F6B0-4333-BE22-6ED8F05C9D6C}.Debug|Any CPU.Build.0 = Debug|Any CPU
		{FD83DCB2-F6B0-4333-BE22-6ED8F05C9D6C}.Release|Any CPU.ActiveCfg = Release|Any CPU
		{FD83DCB2-F6B0-4333-BE22-6ED8F05C9D6C}.Release|Any CPU.Build.0 = Release|Any CPU
		{B0C5DDDB-C2C6-410C-B07E-4C02F590A560}.Debug|Any CPU.ActiveCfg = Debug|Any CPU
		{B0C5DDDB-C2C6-410C-B07E-4C02F590A560}.Debug|Any CPU.Build.0 = Debug|Any CPU
		{B0C5DDDB-C2C6-410C-B07E-4C02F590A560}.Release|Any CPU.ActiveCfg = Release|Any CPU
		{B0C5DDDB-C2C6-410C-B07E-4C02F590A560}.Release|Any CPU.Build.0 = Release|Any CPU
		{9801993A-4FAC-42B8-8437-BAD775E76CC4}.Debug|Any CPU.ActiveCfg = Debug|Any CPU
		{9801993A-4FAC-42B8-8437-BAD775E76CC4}.Debug|Any CPU.Build.0 = Debug|Any CPU
		{9801993A-4FAC-42B8-8437-BAD775E76CC4}.Release|Any CPU.ActiveCfg = Release|Any CPU
		{9801993A-4FAC-42B8-8437-BAD775E76CC4}.Release|Any CPU.Build.0 = Release|Any CPU
		{86C7E011-739E-4F96-B1F8-F5A317080CA3}.Debug|Any CPU.ActiveCfg = Debug|Any CPU
		{86C7E011-739E-4F96-B1F8-F5A317080CA3}.Debug|Any CPU.Build.0 = Debug|Any CPU
		{86C7E011-739E-4F96-B1F8-F5A317080CA3}.Release|Any CPU.ActiveCfg = Release|Any CPU
		{86C7E011-739E-4F96-B1F8-F5A317080CA3}.Release|Any CPU.Build.0 = Release|Any CPU
	EndGlobalSection
	GlobalSection(SolutionProperties) = preSolution
		HideSolutionNode = FALSE
	EndGlobalSection
	GlobalSection(NestedProjects) = preSolution
		{2D701F00-35DD-48E9-93F4-563F3BA45B26} = {23273EAB-30C6-48F2-919C-57835F3159B0}
		{4E3462C3-F3B9-4B15-8F36-99BCB54F06E4} = {23273EAB-30C6-48F2-919C-57835F3159B0}
		{4F4B510A-7792-4FD8-9D4E-AF42A876C694} = {FDD20763-07E0-4769-9886-67929C271086}
		{E2A366CA-178E-49F6-B84F-62E3237699B6} = {FDD20763-07E0-4769-9886-67929C271086}
		{47923437-112A-4CC9-BAB1-77269721FA95} = {D233B8F6-C650-4B6C-B2DD-4BC9F64DFB56}
		{FD83DCB2-F6B0-4333-BE22-6ED8F05C9D6C} = {D233B8F6-C650-4B6C-B2DD-4BC9F64DFB56}
		{B0C5DDDB-C2C6-410C-B07E-4C02F590A560} = {D233B8F6-C650-4B6C-B2DD-4BC9F64DFB56}
		{9801993A-4FAC-42B8-8437-BAD775E76CC4} = {D233B8F6-C650-4B6C-B2DD-4BC9F64DFB56}
		{86C7E011-739E-4F96-B1F8-F5A317080CA3} = {D233B8F6-C650-4B6C-B2DD-4BC9F64DFB56}
	EndGlobalSection
EndGlobal
